// !$*UTF8*$!
{
	archiveVersion = 1;
	classes = {
	};
	objectVersion = 46;
	objects = {

/* Begin PBXBuildFile section */
		9CD2A0C41F042C8800D5504A /* AppDelegate.swift in Sources */ = {isa = PBXBuildFile; fileRef = 9CD2A0C31F042C8800D5504A /* AppDelegate.swift */; };
		9CD2A0C61F042C8800D5504A /* ViewController.swift in Sources */ = {isa = PBXBuildFile; fileRef = 9CD2A0C51F042C8800D5504A /* ViewController.swift */; };
		9CD2A0C91F042C8800D5504A /* Main.storyboard in Resources */ = {isa = PBXBuildFile; fileRef = 9CD2A0C71F042C8800D5504A /* Main.storyboard */; };
		9CD2A0CB1F042C8800D5504A /* Assets.xcassets in Resources */ = {isa = PBXBuildFile; fileRef = 9CD2A0CA1F042C8800D5504A /* Assets.xcassets */; };
		9CD2A0CE1F042C8800D5504A /* LaunchScreen.storyboard in Resources */ = {isa = PBXBuildFile; fileRef = 9CD2A0CC1F042C8800D5504A /* LaunchScreen.storyboard */; };
		9CD2A0D91F042C8800D5504A /* JenkinsCITests.swift in Sources */ = {isa = PBXBuildFile; fileRef = 9CD2A0D81F042C8800D5504A /* JenkinsCITests.swift */; };
/* End PBXBuildFile section */

/* Begin PBXContainerItemProxy section */
		9CD2A0D51F042C8800D5504A /* PBXContainerItemProxy */ = {
			isa = PBXContainerItemProxy;
			containerPortal = 9CD2A0B81F042C8800D5504A /* Project object */;
			proxyType = 1;
			remoteGlobalIDString = 9CD2A0BF1F042C8800D5504A;
			remoteInfo = JenkinsCI;
		};
/* End PBXContainerItemProxy section */

/* Begin PBXFileReference section */
		9CD2A0C01F042C8800D5504A /* JenkinsCI.app */ = {isa = PBXFileReference; explicitFileType = wrapper.application; includeInIndex = 0; path = JenkinsCI.app; sourceTree = BUILT_PRODUCTS_DIR; };
		9CD2A0C31F042C8800D5504A /* AppDelegate.swift */ = {isa = PBXFileReference; lastKnownFileType = sourcecode.swift; path = AppDelegate.swift; sourceTree = "<group>"; };
		9CD2A0C51F042C8800D5504A /* ViewController.swift */ = {isa = PBXFileReference; lastKnownFileType = sourcecode.swift; path = ViewController.swift; sourceTree = "<group>"; };
		9CD2A0C81F042C8800D5504A /* Base */ = {isa = PBXFileReference; lastKnownFileType = file.storyboard; name = Base; path = Base.lproj/Main.storyboard; sourceTree = "<group>"; };
		9CD2A0CA1F042C8800D5504A /* Assets.xcassets */ = {isa = PBXFileReference; lastKnownFileType = folder.assetcatalog; path = Assets.xcassets; sourceTree = "<group>"; };
		9CD2A0CD1F042C8800D5504A /* Base */ = {isa = PBXFileReference; lastKnownFileType = file.storyboard; name = Base; path = Base.lproj/LaunchScreen.storyboard; sourceTree = "<group>"; };
		9CD2A0CF1F042C8800D5504A /* Info.plist */ = {isa = PBXFileReference; lastKnownFileType = text.plist.xml; path = Info.plist; sourceTree = "<group>"; };
		9CD2A0D41F042C8800D5504A /* JenkinsCITests.xctest */ = {isa = PBXFileReference; explicitFileType = wrapper.cfbundle; includeInIndex = 0; path = JenkinsCITests.xctest; sourceTree = BUILT_PRODUCTS_DIR; };
		9CD2A0D81F042C8800D5504A /* JenkinsCITests.swift */ = {isa = PBXFileReference; lastKnownFileType = sourcecode.swift; path = JenkinsCITests.swift; sourceTree = "<group>"; };
		9CD2A0DA1F042C8800D5504A /* Info.plist */ = {isa = PBXFileReference; lastKnownFileType = text.plist.xml; path = Info.plist; sourceTree = "<group>"; };
/* End PBXFileReference section */

/* Begin PBXFrameworksBuildPhase section */
		9CD2A0BD1F042C8800D5504A /* Frameworks */ = {
			isa = PBXFrameworksBuildPhase;
			buildActionMask = 2147483647;
			files = (
			);
			runOnlyForDeploymentPostprocessing = 0;
		};
		9CD2A0D11F042C8800D5504A /* Frameworks */ = {
			isa = PBXFrameworksBuildPhase;
			buildActionMask = 2147483647;
			files = (
			);
			runOnlyForDeploymentPostprocessing = 0;
		};
/* End PBXFrameworksBuildPhase section */

/* Begin PBXGroup section */
		9CD2A0B71F042C8800D5504A = {
			isa = PBXGroup;
			children = (
				9CD2A0C21F042C8800D5504A /* JenkinsCI */,
				9CD2A0D71F042C8800D5504A /* JenkinsCITests */,
				9CD2A0C11F042C8800D5504A /* Products */,
			);
			sourceTree = "<group>";
		};
		9CD2A0C11F042C8800D5504A /* Products */ = {
			isa = PBXGroup;
			children = (
				9CD2A0C01F042C8800D5504A /* JenkinsCI.app */,
				9CD2A0D41F042C8800D5504A /* JenkinsCITests.xctest */,
			);
			name = Products;
			sourceTree = "<group>";
		};
		9CD2A0C21F042C8800D5504A /* JenkinsCI */ = {
			isa = PBXGroup;
			children = (
				9CD2A0C31F042C8800D5504A /* AppDelegate.swift */,
				9CD2A0C51F042C8800D5504A /* ViewController.swift */,
				9CD2A0C71F042C8800D5504A /* Main.storyboard */,
				9CD2A0CA1F042C8800D5504A /* Assets.xcassets */,
				9CD2A0CC1F042C8800D5504A /* LaunchScreen.storyboard */,
				9CD2A0CF1F042C8800D5504A /* Info.plist */,
			);
			path = JenkinsCI;
			sourceTree = "<group>";
		};
		9CD2A0D71F042C8800D5504A /* JenkinsCITests */ = {
			isa = PBXGroup;
			children = (
				9CD2A0D81F042C8800D5504A /* JenkinsCITests.swift */,
				9CD2A0DA1F042C8800D5504A /* Info.plist */,
			);
			path = JenkinsCITests;
			sourceTree = "<group>";
		};
/* End PBXGroup section */

/* Begin PBXNativeTarget section */
		9CD2A0BF1F042C8800D5504A /* JenkinsCI */ = {
			isa = PBXNativeTarget;
			buildConfigurationList = 9CD2A0DD1F042C8800D5504A /* Build configuration list for PBXNativeTarget "JenkinsCI" */;
			buildPhases = (
				9CD2A0BC1F042C8800D5504A /* Sources */,
				9CD2A0BD1F042C8800D5504A /* Frameworks */,
				9CD2A0BE1F042C8800D5504A /* Resources */,
			);
			buildRules = (
			);
			dependencies = (
			);
			name = JenkinsCI;
			productName = JenkinsCI;
			productReference = 9CD2A0C01F042C8800D5504A /* JenkinsCI.app */;
			productType = "com.apple.product-type.application";
		};
		9CD2A0D31F042C8800D5504A /* JenkinsCITests */ = {
			isa = PBXNativeTarget;
			buildConfigurationList = 9CD2A0E01F042C8800D5504A /* Build configuration list for PBXNativeTarget "JenkinsCITests" */;
			buildPhases = (
				9CD2A0D01F042C8800D5504A /* Sources */,
				9CD2A0D11F042C8800D5504A /* Frameworks */,
				9CD2A0D21F042C8800D5504A /* Resources */,
			);
			buildRules = (
			);
			dependencies = (
				9CD2A0D61F042C8800D5504A /* PBXTargetDependency */,
			);
			name = JenkinsCITests;
			productName = JenkinsCITests;
			productReference = 9CD2A0D41F042C8800D5504A /* JenkinsCITests.xctest */;
			productType = "com.apple.product-type.bundle.unit-test";
		};
/* End PBXNativeTarget section */

/* Begin PBXProject section */
		9CD2A0B81F042C8800D5504A /* Project object */ = {
			isa = PBXProject;
			attributes = {
				LastSwiftUpdateCheck = 0820;
				LastUpgradeCheck = 0820;
				ORGANIZATIONNAME = Sahej;
				TargetAttributes = {
					9CD2A0BF1F042C8800D5504A = {
						CreatedOnToolsVersion = 8.2.1;
						DevelopmentTeam = TX44MTV4A5;
						ProvisioningStyle = Automatic;
					};
					9CD2A0D31F042C8800D5504A = {
						CreatedOnToolsVersion = 8.2.1;
						ProvisioningStyle = Automatic;
						TestTargetID = 9CD2A0BF1F042C8800D5504A;
					};
				};
			};
			buildConfigurationList = 9CD2A0BB1F042C8800D5504A /* Build configuration list for PBXProject "JenkinsCI" */;
			compatibilityVersion = "Xcode 3.2";
			developmentRegion = English;
			hasScannedForEncodings = 0;
			knownRegions = (
				en,
				Base,
			);
			mainGroup = 9CD2A0B71F042C8800D5504A;
			productRefGroup = 9CD2A0C11F042C8800D5504A /* Products */;
			projectDirPath = "";
			projectRoot = "";
			targets = (
				9CD2A0BF1F042C8800D5504A /* JenkinsCI */,
				9CD2A0D31F042C8800D5504A /* JenkinsCITests */,
			);
		};
/* End PBXProject section */

/* Begin PBXResourcesBuildPhase section */
		9CD2A0BE1F042C8800D5504A /* Resources */ = {
			isa = PBXResourcesBuildPhase;
			buildActionMask = 2147483647;
			files = (
				9CD2A0CE1F042C8800D5504A /* LaunchScreen.storyboard in Resources */,
				9CD2A0CB1F042C8800D5504A /* Assets.xcassets in Resources */,
				9CD2A0C91F042C8800D5504A /* Main.storyboard in Resources */,
			);
			runOnlyForDeploymentPostprocessing = 0;
		};
		9CD2A0D21F042C8800D5504A /* Resources */ = {
			isa = PBXResourcesBuildPhase;
			buildActionMask = 2147483647;
			files = (
			);
			runOnlyForDeploymentPostprocessing = 0;
		};
/* End PBXResourcesBuildPhase section */

/* Begin PBXSourcesBuildPhase section */
		9CD2A0BC1F042C8800D5504A /* Sources */ = {
			isa = PBXSourcesBuildPhase;
			buildActionMask = 2147483647;
			files = (
				9CD2A0C61F042C8800D5504A /* ViewController.swift in Sources */,
				9CD2A0C41F042C8800D5504A /* AppDelegate.swift in Sources */,
			);
			runOnlyForDeploymentPostprocessing = 0;
		};
		9CD2A0D01F042C8800D5504A /* Sources */ = {
			isa = PBXSourcesBuildPhase;
			buildActionMask = 2147483647;
			files = (
				9CD2A0D91F042C8800D5504A /* JenkinsCITests.swift in Sources */,
			);
			runOnlyForDeploymentPostprocessing = 0;
		};
/* End PBXSourcesBuildPhase section */

/* Begin PBXTargetDependency section */
		9CD2A0D61F042C8800D5504A /* PBXTargetDependency */ = {
			isa = PBXTargetDependency;
			target = 9CD2A0BF1F042C8800D5504A /* JenkinsCI */;
			targetProxy = 9CD2A0D51F042C8800D5504A /* PBXContainerItemProxy */;
		};
/* End PBXTargetDependency section */

/* Begin PBXVariantGroup section */
		9CD2A0C71F042C8800D5504A /* Main.storyboard */ = {
			isa = PBXVariantGroup;
			children = (
				9CD2A0C81F042C8800D5504A /* Base */,
			);
			name = Main.storyboard;
			sourceTree = "<group>";
		};
		9CD2A0CC1F042C8800D5504A /* LaunchScreen.storyboard */ = {
			isa = PBXVariantGroup;
			children = (
				9CD2A0CD1F042C8800D5504A /* Base */,
			);
			name = LaunchScreen.storyboard;
			sourceTree = "<group>";
		};
/* End PBXVariantGroup section */

/* Begin XCBuildConfiguration section */
		9CD2A0DB1F042C8800D5504A /* Debug */ = {
			isa = XCBuildConfiguration;
			buildSettings = {
				ALWAYS_SEARCH_USER_PATHS = NO;
				CLANG_ANALYZER_NONNULL = YES;
				CLANG_CXX_LANGUAGE_STANDARD = "gnu++0x";
				CLANG_CXX_LIBRARY = "libc++";
				CLANG_ENABLE_MODULES = YES;
				CLANG_ENABLE_OBJC_ARC = YES;
				CLANG_WARN_BOOL_CONVERSION = YES;
				CLANG_WARN_CONSTANT_CONVERSION = YES;
				CLANG_WARN_DIRECT_OBJC_ISA_USAGE = YES_ERROR;
				CLANG_WARN_DOCUMENTATION_COMMENTS = YES;
				CLANG_WARN_EMPTY_BODY = YES;
				CLANG_WARN_ENUM_CONVERSION = YES;
				CLANG_WARN_INFINITE_RECURSION = YES;
				CLANG_WARN_INT_CONVERSION = YES;
				CLANG_WARN_OBJC_ROOT_CLASS = YES_ERROR;
				CLANG_WARN_SUSPICIOUS_MOVE = YES;
				CLANG_WARN_UNREACHABLE_CODE = YES;
				CLANG_WARN__DUPLICATE_METHOD_MATCH = YES;
				"CODE_SIGN_IDENTITY[sdk=iphoneos*]" = "iPhone Developer";
				COPY_PHASE_STRIP = NO;
				DEBUG_INFORMATION_FORMAT = dwarf;
				ENABLE_STRICT_OBJC_MSGSEND = YES;
				ENABLE_TESTABILITY = YES;
				GCC_C_LANGUAGE_STANDARD = gnu99;
				GCC_DYNAMIC_NO_PIC = NO;
				GCC_NO_COMMON_BLOCKS = YES;
				GCC_OPTIMIZATION_LEVEL = 0;
				GCC_PREPROCESSOR_DEFINITIONS = (
					"DEBUG=1",
					"$(inherited)",
				);
				GCC_WARN_64_TO_32_BIT_CONVERSION = YES;
				GCC_WARN_ABOUT_RETURN_TYPE = YES_ERROR;
				GCC_WARN_UNDECLARED_SELECTOR = YES;
				GCC_WARN_UNINITIALIZED_AUTOS = YES_AGGRESSIVE;
				GCC_WARN_UNUSED_FUNCTION = YES;
				GCC_WARN_UNUSED_VARIABLE = YES;
				IPHONEOS_DEPLOYMENT_TARGET = 10.2;
				MTL_ENABLE_DEBUG_INFO = YES;
				ONLY_ACTIVE_ARCH = YES;
				SDKROOT = iphoneos;
				SWIFT_ACTIVE_COMPILATION_CONDITIONS = DEBUG;
				SWIFT_OPTIMIZATION_LEVEL = "-Onone";
			};
			name = Debug;
		};
		9CD2A0DC1F042C8800D5504A /* Release */ = {
			isa = XCBuildConfiguration;
			buildSettings = {
				ALWAYS_SEARCH_USER_PATHS = NO;
				CLANG_ANALYZER_NONNULL = YES;
				CLANG_CXX_LANGUAGE_STANDARD = "gnu++0x";
				CLANG_CXX_LIBRARY = "libc++";
				CLANG_ENABLE_MODULES = YES;
				CLANG_ENABLE_OBJC_ARC = YES;
				CLANG_WARN_BOOL_CONVERSION = YES;
				CLANG_WARN_CONSTANT_CONVERSION = YES;
				CLANG_WARN_DIRECT_OBJC_ISA_USAGE = YES_ERROR;
				CLANG_WARN_DOCUMENTATION_COMMENTS = YES;
				CLANG_WARN_EMPTY_BODY = YES;
				CLANG_WARN_ENUM_CONVERSION = YES;
				CLANG_WARN_INFINITE_RECURSION = YES;
				CLANG_WARN_INT_CONVERSION = YES;
				CLANG_WARN_OBJC_ROOT_CLASS = YES_ERROR;
				CLANG_WARN_SUSPICIOUS_MOVE = YES;
				CLANG_WARN_UNREACHABLE_CODE = YES;
				CLANG_WARN__DUPLICATE_METHOD_MATCH = YES;
				"CODE_SIGN_IDENTITY[sdk=iphoneos*]" = "iPhone Developer";
				COPY_PHASE_STRIP = NO;
				DEBUG_INFORMATION_FORMAT = "dwarf-with-dsym";
				ENABLE_NS_ASSERTIONS = NO;
				ENABLE_STRICT_OBJC_MSGSEND = YES;
				GCC_C_LANGUAGE_STANDARD = gnu99;
				GCC_NO_COMMON_BLOCKS = YES;
				GCC_WARN_64_TO_32_BIT_CONVERSION = YES;
				GCC_WARN_ABOUT_RETURN_TYPE = YES_ERROR;
				GCC_WARN_UNDECLARED_SELECTOR = YES;
				GCC_WARN_UNINITIALIZED_AUTOS = YES_AGGRESSIVE;
				GCC_WARN_UNUSED_FUNCTION = YES;
				GCC_WARN_UNUSED_VARIABLE = YES;
				IPHONEOS_DEPLOYMENT_TARGET = 10.2;
				MTL_ENABLE_DEBUG_INFO = NO;
				SDKROOT = iphoneos;
				SWIFT_OPTIMIZATION_LEVEL = "-Owholemodule";
				VALIDATE_PRODUCT = YES;
			};
			name = Release;
		};
		9CD2A0DE1F042C8800D5504A /* Debug */ = {
			isa = XCBuildConfiguration;
			buildSettings = {
				ASSETCATALOG_COMPILER_APPICON_NAME = AppIcon;
				DEVELOPMENT_TEAM = TX44MTV4A5;
				INFOPLIST_FILE = JenkinsCI/Info.plist;
				LD_RUNPATH_SEARCH_PATHS = "$(inherited) @executable_path/Frameworks";
				PRODUCT_BUNDLE_IDENTIFIER = SCB.FastEasy;
				PRODUCT_NAME = "$(TARGET_NAME)";
				SWIFT_VERSION = 3.0;
			};
			name = Debug;
		};
		9CD2A0DF1F042C8800D5504A /* Release */ = {
			isa = XCBuildConfiguration;
			buildSettings = {
				ASSETCATALOG_COMPILER_APPICON_NAME = AppIcon;
				DEVELOPMENT_TEAM = TX44MTV4A5;
				INFOPLIST_FILE = JenkinsCI/Info.plist;
				LD_RUNPATH_SEARCH_PATHS = "$(inherited) @executable_path/Frameworks";
				PRODUCT_BUNDLE_IDENTIFIER = SCB.FastEasy;
				PRODUCT_NAME = "$(TARGET_NAME)";
				SWIFT_VERSION = 3.0;
			};
			name = Release;
		};
		9CD2A0E11F042C8800D5504A /* Debug */ = {
			isa = XCBuildConfiguration;
			buildSettings = {
				ALWAYS_EMBED_SWIFT_STANDARD_LIBRARIES = YES;
				BUNDLE_LOADER = "$(TEST_HOST)";
				INFOPLIST_FILE = JenkinsCITests/Info.plist;
				LD_RUNPATH_SEARCH_PATHS = "$(inherited) @executable_path/Frameworks @loader_path/Frameworks";
				PRODUCT_BUNDLE_IDENTIFIER = SCB.JenkinsCITests;
				PRODUCT_NAME = "$(TARGET_NAME)";
				SWIFT_VERSION = 3.0;
				TEST_HOST = "$(BUILT_PRODUCTS_DIR)/JenkinsCI.app/JenkinsCI";
			};
			name = Debug;
		};
		9CD2A0E21F042C8800D5504A /* Release */ = {
			isa = XCBuildConfiguration;
			buildSettings = {
				ALWAYS_EMBED_SWIFT_STANDARD_LIBRARIES = YES;
				BUNDLE_LOADER = "$(TEST_HOST)";
				INFOPLIST_FILE = JenkinsCITests/Info.plist;
				LD_RUNPATH_SEARCH_PATHS = "$(inherited) @executable_path/Frameworks @loader_path/Frameworks";
				PRODUCT_BUNDLE_IDENTIFIER = SCB.JenkinsCITests;
				PRODUCT_NAME = "$(TARGET_NAME)";
				SWIFT_VERSION = 3.0;
				TEST_HOST = "$(BUILT_PRODUCTS_DIR)/JenkinsCI.app/JenkinsCI";
			};
			name = Release;
		};
/* End XCBuildConfiguration section */

/* Begin XCConfigurationList section */
		9CD2A0BB1F042C8800D5504A /* Build configuration list for PBXProject "JenkinsCI" */ = {
			isa = XCConfigurationList;
			buildConfigurations = (
				9CD2A0DB1F042C8800D5504A /* Debug */,
				9CD2A0DC1F042C8800D5504A /* Release */,
			);
			defaultConfigurationIsVisible = 0;
			defaultConfigurationName = Release;
		};
		9CD2A0DD1F042C8800D5504A /* Build configuration list for PBXNativeTarget "JenkinsCI" */ = {
			isa = XCConfigurationList;
			buildConfigurations = (
				9CD2A0DE1F042C8800D5504A /* Debug */,
				9CD2A0DF1F042C8800D5504A /* Release */,
			);
			defaultConfigurationIsVisible = 0;
			defaultConfigurationName = Release;
		};
		9CD2A0E01F042C8800D5504A /* Build configuration list for PBXNativeTarget "JenkinsCITests" */ = {
			isa = XCConfigurationList;
			buildConfigurations = (
				9CD2A0E11F042C8800D5504A /* Debug */,
				9CD2A0E21F042C8800D5504A /* Release */,
			);
			defaultConfigurationIsVisible = 0;
			defaultConfigurationName = Release;
		};
/* End XCConfigurationList section */
	};
	rootObject = 9CD2A0B81F042C8800D5504A /* Project object */;
}
